
Microsoft Visual Studio Solution File, Format Version 12.00
# Visual Studio Version 17
VisualStudioVersion = 17.6.33829.357
MinimumVisualStudioVersion = 10.0.40219.1
Project("{2150E333-8FDC-42A3-9474-1A3956D46DE8}") = "Projektmappenelemente", "Projektmappenelemente", "{8AC23589-8AFE-4ACE-B6B4-5FCC52E0DF38}"
	ProjectSection(SolutionItems) = preProject
		.gitignore = .gitignore
		README.md = README.md
		.github\workflows\sonarCloud.yml = .github\workflows\sonarCloud.yml
	EndProjectSection
EndProject
Project("{54A90642-561A-4BB1-A94E-469ADEE60C69}") = "UI", "UI\UI.esproj", "{FB979782-2A4B-46C4-B08D-680CAAD45841}"
EndProject
Project("{FAE04EC0-301F-11D3-BF4B-00C04F79EFBC}") = "Api", "Api\Api.csproj", "{616DDC8B-5436-4A0F-B617-1E73992D9B9A}"
EndProject
Global
	GlobalSection(SolutionConfigurationPlatforms) = preSolution
		Debug|Any CPU = Debug|Any CPU
		Release|Any CPU = Release|Any CPU
	EndGlobalSection
	GlobalSection(ProjectConfigurationPlatforms) = postSolution
		{FB979782-2A4B-46C4-B08D-680CAAD45841}.Debug|Any CPU.ActiveCfg = Debug|Any CPU
		{FB979782-2A4B-46C4-B08D-680CAAD45841}.Debug|Any CPU.Build.0 = Debug|Any CPU
		{FB979782-2A4B-46C4-B08D-680CAAD45841}.Debug|Any CPU.Deploy.0 = Debug|Any CPU
		{FB979782-2A4B-46C4-B08D-680CAAD45841}.Release|Any CPU.ActiveCfg = Release|Any CPU
		{FB979782-2A4B-46C4-B08D-680CAAD45841}.Release|Any CPU.Build.0 = Release|Any CPU
		{FB979782-2A4B-46C4-B08D-680CAAD45841}.Release|Any CPU.Deploy.0 = Release|Any CPU
		{616DDC8B-5436-4A0F-B617-1E73992D9B9A}.Debug|Any CPU.ActiveCfg = Debug|Any CPU
		{616DDC8B-5436-4A0F-B617-1E73992D9B9A}.Debug|Any CPU.Build.0 = Debug|Any CPU
		{616DDC8B-5436-4A0F-B617-1E73992D9B9A}.Release|Any CPU.ActiveCfg = Release|Any CPU
		{616DDC8B-5436-4A0F-B617-1E73992D9B9A}.Release|Any CPU.Build.0 = Release|Any CPU
	EndGlobalSection
	GlobalSection(SolutionProperties) = preSolution
		HideSolutionNode = FALSE
	EndGlobalSection
	GlobalSection(ExtensibilityGlobals) = postSolution
		SolutionGuid = {EAA3C3D9-6AE6-41FB-8CDD-39D701129B04}
	EndGlobalSection
EndGlobal
